<Solution>
  <Folder Name="/src/">
    <Project Path="src/Mitsuoshie.App/Mitsuoshie.App.csproj" />
    <Project Path="src/Mitsuoshie.Core/Mitsuoshie.Core.csproj" />
  </Folder>
  <Folder Name="/tests/">
    <Project Path="tests/Mitsuoshie.Core.Tests/Mitsuoshie.Core.Tests.csproj" />
    <Project Path="tests/Mitsuoshie.App.Tests/Mitsuoshie.App.Tests.csproj" />
  </Folder>
</Solution>
